
Microsoft Visual Studio Solution File, Format Version 12.00
# Visual Studio 2012
Project("{F2A71F9B-5D33-465A-A702-920D77279786}") = "Thunks", "Thunks\Thunks.fsproj", "{07F1B74D-5B39-41F6-9B9F-7ECB771BE724}"
EndProject
Global
	GlobalSection(SolutionConfigurationPlatforms) = preSolution
		Debug|Any CPU = Debug|Any CPU
		Release|Any CPU = Release|Any CPU
	EndGlobalSection
	GlobalSection(ProjectConfigurationPlatforms) = postSolution
		{07F1B74D-5B39-41F6-9B9F-7ECB771BE724}.Debug|Any CPU.ActiveCfg = Debug|Any CPU
		{07F1B74D-5B39-41F6-9B9F-7ECB771BE724}.Debug|Any CPU.Build.0 = Debug|Any CPU
		{07F1B74D-5B39-41F6-9B9F-7ECB771BE724}.Release|Any CPU.ActiveCfg = Release|Any CPU
		{07F1B74D-5B39-41F6-9B9F-7ECB771BE724}.Release|Any CPU.Build.0 = Release|Any CPU
	EndGlobalSection
	GlobalSection(SolutionProperties) = preSolution
		HideSolutionNode = FALSE
	EndGlobalSection
EndGlobal
